
Microsoft Visual Studio Solution File, Format Version 12.00
# Visual Studio Version 17
VisualStudioVersion = 17.11.35303.130
MinimumVisualStudioVersion = 10.0.40219.1
Project("{2150E333-8FDC-42A3-9474-1A3956D46DE8}") = "Task0", "Task0", "{7C9E4336-F20D-4138-9D53-83FD2322639B}"
EndProject
Project("{9A19103F-16F7-4668-BE54-9A1E7A4F7556}") = "Tyuiu.RubanovEO.Sprint2.Task0.V25", "Tyuiu.RubanovEO.Sprint2.Task0.V25\Tyuiu.RubanovEO.Sprint2.Task0.V25.csproj", "{6F411621-A40C-4211-BEBA-3426962F0D7A}"
EndProject
Project("{9A19103F-16F7-4668-BE54-9A1E7A4F7556}") = "Tyuiu.RubanovEO.Sprint2.Task0.V25.Lib", "Tyuiu.RubanovEO.Sprint2.Task0.V25.Lib\Tyuiu.RubanovEO.Sprint2.Task0.V25.Lib.csproj", "{AC56E3B2-848D-4B48-8A0A-653EEA3D833B}"
EndProject
Project("{9A19103F-16F7-4668-BE54-9A1E7A4F7556}") = "Tyuiu.RubanovEO.Sprint2.Task0.V25.Test", "Tyuiu.RubanovEO.Sprint2.Task0.V25.Test\Tyuiu.RubanovEO.Sprint2.Task0.V25.Test.csproj", "{F77DADD8-DDC4-4166-970E-4BE3DCD454A3}"
EndProject
Project("{2150E333-8FDC-42A3-9474-1A3956D46DE8}") = "Task1", "Task1", "{C3C4F458-4169-4E2E-A516-65FA35A0F3C2}"
EndProject
Project("{9A19103F-16F7-4668-BE54-9A1E7A4F7556}") = "Tyuiu.RubanovEO.Sprint2.Task1.V3", "Tyuiu.RubanovEO.Sprint2.Task1.V3\Tyuiu.RubanovEO.Sprint2.Task1.V3.csproj", "{7EFE5BA9-652E-4176-AB7F-00D2AD04F716}"
EndProject
Project("{9A19103F-16F7-4668-BE54-9A1E7A4F7556}") = "Tyuiu.RubanovEO.Sprint2.Task1.V3.Lib", "Tyuiu.RubanovEO.Sprint2.Task1.V3.Lib\Tyuiu.RubanovEO.Sprint2.Task1.V3.Lib.csproj", "{E210B879-758C-44D2-8C08-1A4664CA388F}"
EndProject
Project("{9A19103F-16F7-4668-BE54-9A1E7A4F7556}") = "Tyuiu.RubanovEO.Sprint2.Task1.V3.Test", "Tyuiu.RubanovEO.Sprint2.Task1.V3.Test\Tyuiu.RubanovEO.Sprint2.Task1.V3.Test.csproj", "{60564A7D-1CB1-45E4-9B77-26A69FEF2C89}"
EndProject
Project("{2150E333-8FDC-42A3-9474-1A3956D46DE8}") = "Task2", "Task2", "{1499E9FD-96C4-4DBE-BA32-E58D677E2AD1}"
EndProject
Project("{9A19103F-16F7-4668-BE54-9A1E7A4F7556}") = "Tyuiu.RubanovEO.Sprint2.Task2.V6", "Tyuiu.RubanovEO.Sprint2.Task2.V6\Tyuiu.RubanovEO.Sprint2.Task2.V6.csproj", "{F792743D-F22E-4467-8932-35B1D64A7744}"
EndProject
Project("{9A19103F-16F7-4668-BE54-9A1E7A4F7556}") = "Tyuiu.RubanovEO.Sprint2.Task2.V6.Test", "Tyuiu.RubanovEO.Sprint2.Task2.V6.Test\Tyuiu.RubanovEO.Sprint2.Task2.V6.Test.csproj", "{D7A14241-5FC6-413E-AAE2-B0B2462F1C3F}"
EndProject
Project("{9A19103F-16F7-4668-BE54-9A1E7A4F7556}") = "Tyuiu.RubanovEO.Sprint2.Task2.V6.Lib", "Tyuiu.RubanovEO.Sprint2.Task2.V6.Lib\Tyuiu.RubanovEO.Sprint2.Task2.V6.Lib.csproj", "{28ACF1CA-1D7E-4240-8149-2FEEB221F0DD}"
EndProject
Project("{2150E333-8FDC-42A3-9474-1A3956D46DE8}") = "Task3", "Task3", "{DE348CFA-9F60-4BD5-9692-D2CBC4C8EE05}"
EndProject
Project("{9A19103F-16F7-4668-BE54-9A1E7A4F7556}") = "Tyuiu.RubanovEO.Sprint2.Task3.V6", "Tyuiu.RubanovEO.Sprint2.Task3.V6\Tyuiu.RubanovEO.Sprint2.Task3.V6.csproj", "{CFFE4D95-CEF9-42A6-B1FF-58DB3E25F87F}"
EndProject
Project("{9A19103F-16F7-4668-BE54-9A1E7A4F7556}") = "Tyuiu.RubanovEO.Sprint2.Task3.V6.Lib", "Tyuiu.RubanovEO.Sprint2.Task3.V6.Lib\Tyuiu.RubanovEO.Sprint2.Task3.V6.Lib.csproj", "{13D18EAB-849D-4DC8-A33D-9554D01E1460}"
EndProject
Project("{9A19103F-16F7-4668-BE54-9A1E7A4F7556}") = "Tyuiu.RubanovEO.Sprint2.Task3.V6.Test", "Tyuiu.RubanovEO.Sprint2.Task3.V6.Test\Tyuiu.RubanovEO.Sprint2.Task3.V6.Test.csproj", "{205A4B3A-DDF6-423E-B60A-0D110DE988EF}"
EndProject
Project("{2150E333-8FDC-42A3-9474-1A3956D46DE8}") = "Task4", "Task4", "{E16A0300-CE1E-4327-8E16-DB0578D3AE20}"
EndProject
Project("{9A19103F-16F7-4668-BE54-9A1E7A4F7556}") = "Tyuiu.RubanovEO.Sprint2.Task4.V16", "Tyuiu.RubanovEO.Sprint2.Task4.V16\Tyuiu.RubanovEO.Sprint2.Task4.V16.csproj", "{834101FB-FE92-4FEF-9486-F5A6A7143649}"
EndProject
Project("{9A19103F-16F7-4668-BE54-9A1E7A4F7556}") = "Tyuiu.RubanovEO.Sprint2.Task4.V16.Test", "Tyuiu.RubanovEO.Sprint2.Task4.V16.Test\Tyuiu.RubanovEO.Sprint2.Task4.V16.Test.csproj", "{79274C99-EC15-4906-BE78-E11CC063518A}"
EndProject
Project("{9A19103F-16F7-4668-BE54-9A1E7A4F7556}") = "Tyuiu.RubanovEO.Sprint2.Task4.V16.Lib", "Tyuiu.RubanovEO.Sprint2.Task4.V16.Lib\Tyuiu.RubanovEO.Sprint2.Task4.V16.Lib.csproj", "{824870C4-ADC8-4803-A4F1-F5CFBD766358}"
EndProject
Project("{2150E333-8FDC-42A3-9474-1A3956D46DE8}") = "Task5", "Task5", "{BEB0356B-9A6A-4181-B5AE-B9791AE9BA45}"
EndProject
Project("{9A19103F-16F7-4668-BE54-9A1E7A4F7556}") = "Tyuiu.RubanovEO.Sprint2.Task5.V6", "Tyuiu.RubanovEO.Sprint2.Task5.V6\Tyuiu.RubanovEO.Sprint2.Task5.V6.csproj", "{266AF83D-18CB-4BF0-8BF8-315B2ACEA35D}"
EndProject
Project("{9A19103F-16F7-4668-BE54-9A1E7A4F7556}") = "Tyuiu.RubanovEO.Sprint2.Task5.V6.Lib", "Tyuiu.RubanovEO.Sprint2.Task5.V6.Lib\Tyuiu.RubanovEO.Sprint2.Task5.V6.Lib.csproj", "{FD83DA78-72E2-4249-BB90-962BF691AB3C}"
EndProject
Project("{9A19103F-16F7-4668-BE54-9A1E7A4F7556}") = "Tyuiu.RubanovEO.Sprint2.Task5.V6.Test", "Tyuiu.RubanovEO.Sprint2.Task5.V6.Test\Tyuiu.RubanovEO.Sprint2.Task5.V6.Test.csproj", "{431DE03F-78E1-44DD-85EF-0202C25D02CE}"
EndProject
Project("{2150E333-8FDC-42A3-9474-1A3956D46DE8}") = "Task6", "Task6", "{A3796F87-B943-46B0-A913-81D23DCAE83C}"
EndProject
Project("{FAE04EC0-301F-11D3-BF4B-00C04F79EFBC}") = "Tyuiu.RubanovEO.Sprint2.Task6.V7", "Tyuiu.RubanovEO.Sprint2.Task6.V7\Tyuiu.RubanovEO.Sprint2.Task6.V7.csproj", "{372F395D-C199-418F-9553-07B9CA1F3A30}"
EndProject
Project("{FAE04EC0-301F-11D3-BF4B-00C04F79EFBC}") = "Tyuiu.RubanovEO.Sprint2.Task6.V7.Lib", "Tyuiu.RubanovEO.Sprint2.Task6.V7.Lib\Tyuiu.RubanovEO.Sprint2.Task6.V7.Lib.csproj", "{7B64A39B-84F4-4B05-8E99-64AE8EFB2BBC}"
EndProject
Project("{FAE04EC0-301F-11D3-BF4B-00C04F79EFBC}") = "Tyuiu.RubanovEO.Sprint2.Task6.V7.Test", "Tyuiu.RubanovEO.Sprint2.Task6.V7.Test\Tyuiu.RubanovEO.Sprint2.Task6.V7.Test.csproj", "{FF59B551-9012-41B8-BCA9-E0D560419165}"
EndProject
Global
	GlobalSection(SolutionConfigurationPlatforms) = preSolution
		Debug|Any CPU = Debug|Any CPU
		Release|Any CPU = Release|Any CPU
	EndGlobalSection
	GlobalSection(ProjectConfigurationPlatforms) = postSolution
		{6F411621-A40C-4211-BEBA-3426962F0D7A}.Debug|Any CPU.ActiveCfg = Debug|Any CPU
		{6F411621-A40C-4211-BEBA-3426962F0D7A}.Debug|Any CPU.Build.0 = Debug|Any CPU
		{6F411621-A40C-4211-BEBA-3426962F0D7A}.Release|Any CPU.ActiveCfg = Release|Any CPU
		{6F411621-A40C-4211-BEBA-3426962F0D7A}.Release|Any CPU.Build.0 = Release|Any CPU
		{AC56E3B2-848D-4B48-8A0A-653EEA3D833B}.Debug|Any CPU.ActiveCfg = Debug|Any CPU
		{AC56E3B2-848D-4B48-8A0A-653EEA3D833B}.Debug|Any CPU.Build.0 = Debug|Any CPU
		{AC56E3B2-848D-4B48-8A0A-653EEA3D833B}.Release|Any CPU.ActiveCfg = Release|Any CPU
		{AC56E3B2-848D-4B48-8A0A-653EEA3D833B}.Release|Any CPU.Build.0 = Release|Any CPU
		{F77DADD8-DDC4-4166-970E-4BE3DCD454A3}.Debug|Any CPU.ActiveCfg = Debug|Any CPU
		{F77DADD8-DDC4-4166-970E-4BE3DCD454A3}.Debug|Any CPU.Build.0 = Debug|Any CPU
		{F77DADD8-DDC4-4166-970E-4BE3DCD454A3}.Release|Any CPU.ActiveCfg = Release|Any CPU
		{F77DADD8-DDC4-4166-970E-4BE3DCD454A3}.Release|Any CPU.Build.0 = Release|Any CPU
		{7EFE5BA9-652E-4176-AB7F-00D2AD04F716}.Debug|Any CPU.ActiveCfg = Debug|Any CPU
		{7EFE5BA9-652E-4176-AB7F-00D2AD04F716}.Debug|Any CPU.Build.0 = Debug|Any CPU
		{7EFE5BA9-652E-4176-AB7F-00D2AD04F716}.Release|Any CPU.ActiveCfg = Release|Any CPU
		{7EFE5BA9-652E-4176-AB7F-00D2AD04F716}.Release|Any CPU.Build.0 = Release|Any CPU
		{E210B879-758C-44D2-8C08-1A4664CA388F}.Debug|Any CPU.ActiveCfg = Debug|Any CPU
		{E210B879-758C-44D2-8C08-1A4664CA388F}.Debug|Any CPU.Build.0 = Debug|Any CPU
		{E210B879-758C-44D2-8C08-1A4664CA388F}.Release|Any CPU.ActiveCfg = Release|Any CPU
		{E210B879-758C-44D2-8C08-1A4664CA388F}.Release|Any CPU.Build.0 = Release|Any CPU
		{60564A7D-1CB1-45E4-9B77-26A69FEF2C89}.Debug|Any CPU.ActiveCfg = Debug|Any CPU
		{60564A7D-1CB1-45E4-9B77-26A69FEF2C89}.Debug|Any CPU.Build.0 = Debug|Any CPU
		{60564A7D-1CB1-45E4-9B77-26A69FEF2C89}.Release|Any CPU.ActiveCfg = Release|Any CPU
		{60564A7D-1CB1-45E4-9B77-26A69FEF2C89}.Release|Any CPU.Build.0 = Release|Any CPU
		{F792743D-F22E-4467-8932-35B1D64A7744}.Debug|Any CPU.ActiveCfg = Debug|Any CPU
		{F792743D-F22E-4467-8932-35B1D64A7744}.Debug|Any CPU.Build.0 = Debug|Any CPU
		{F792743D-F22E-4467-8932-35B1D64A7744}.Release|Any CPU.ActiveCfg = Release|Any CPU
		{F792743D-F22E-4467-8932-35B1D64A7744}.Release|Any CPU.Build.0 = Release|Any CPU
		{D7A14241-5FC6-413E-AAE2-B0B2462F1C3F}.Debug|Any CPU.ActiveCfg = Debug|Any CPU
		{D7A14241-5FC6-413E-AAE2-B0B2462F1C3F}.Debug|Any CPU.Build.0 = Debug|Any CPU
		{D7A14241-5FC6-413E-AAE2-B0B2462F1C3F}.Release|Any CPU.ActiveCfg = Release|Any CPU
		{D7A14241-5FC6-413E-AAE2-B0B2462F1C3F}.Release|Any CPU.Build.0 = Release|Any CPU
		{28ACF1CA-1D7E-4240-8149-2FEEB221F0DD}.Debug|Any CPU.ActiveCfg = Debug|Any CPU
		{28ACF1CA-1D7E-4240-8149-2FEEB221F0DD}.Debug|Any CPU.Build.0 = Debug|Any CPU
		{28ACF1CA-1D7E-4240-8149-2FEEB221F0DD}.Release|Any CPU.ActiveCfg = Release|Any CPU
		{28ACF1CA-1D7E-4240-8149-2FEEB221F0DD}.Release|Any CPU.Build.0 = Release|Any CPU
		{CFFE4D95-CEF9-42A6-B1FF-58DB3E25F87F}.Debug|Any CPU.ActiveCfg = Debug|Any CPU
		{CFFE4D95-CEF9-42A6-B1FF-58DB3E25F87F}.Debug|Any CPU.Build.0 = Debug|Any CPU
		{CFFE4D95-CEF9-42A6-B1FF-58DB3E25F87F}.Release|Any CPU.ActiveCfg = Release|Any CPU
		{CFFE4D95-CEF9-42A6-B1FF-58DB3E25F87F}.Release|Any CPU.Build.0 = Release|Any CPU
		{13D18EAB-849D-4DC8-A33D-9554D01E1460}.Debug|Any CPU.ActiveCfg = Debug|Any CPU
		{13D18EAB-849D-4DC8-A33D-9554D01E1460}.Debug|Any CPU.Build.0 = Debug|Any CPU
		{13D18EAB-849D-4DC8-A33D-9554D01E1460}.Release|Any CPU.ActiveCfg = Release|Any CPU
		{13D18EAB-849D-4DC8-A33D-9554D01E1460}.Release|Any CPU.Build.0 = Release|Any CPU
		{205A4B3A-DDF6-423E-B60A-0D110DE988EF}.Debug|Any CPU.ActiveCfg = Debug|Any CPU
		{205A4B3A-DDF6-423E-B60A-0D110DE988EF}.Debug|Any CPU.Build.0 = Debug|Any CPU
		{205A4B3A-DDF6-423E-B60A-0D110DE988EF}.Release|Any CPU.ActiveCfg = Release|Any CPU
		{205A4B3A-DDF6-423E-B60A-0D110DE988EF}.Release|Any CPU.Build.0 = Release|Any CPU
		{834101FB-FE92-4FEF-9486-F5A6A7143649}.Debug|Any CPU.ActiveCfg = Debug|Any CPU
		{834101FB-FE92-4FEF-9486-F5A6A7143649}.Debug|Any CPU.Build.0 = Debug|Any CPU
		{834101FB-FE92-4FEF-9486-F5A6A7143649}.Release|Any CPU.ActiveCfg = Release|Any CPU
		{834101FB-FE92-4FEF-9486-F5A6A7143649}.Release|Any CPU.Build.0 = Release|Any CPU
		{79274C99-EC15-4906-BE78-E11CC063518A}.Debug|Any CPU.ActiveCfg = Debug|Any CPU
		{79274C99-EC15-4906-BE78-E11CC063518A}.Debug|Any CPU.Build.0 = Debug|Any CPU
		{79274C99-EC15-4906-BE78-E11CC063518A}.Release|Any CPU.ActiveCfg = Release|Any CPU
		{79274C99-EC15-4906-BE78-E11CC063518A}.Release|Any CPU.Build.0 = Release|Any CPU
		{824870C4-ADC8-4803-A4F1-F5CFBD766358}.Debug|Any CPU.ActiveCfg = Debug|Any CPU
		{824870C4-ADC8-4803-A4F1-F5CFBD766358}.Debug|Any CPU.Build.0 = Debug|Any CPU
		{824870C4-ADC8-4803-A4F1-F5CFBD766358}.Release|Any CPU.ActiveCfg = Release|Any CPU
		{824870C4-ADC8-4803-A4F1-F5CFBD766358}.Release|Any CPU.Build.0 = Release|Any CPU
		{266AF83D-18CB-4BF0-8BF8-315B2ACEA35D}.Debug|Any CPU.ActiveCfg = Debug|Any CPU
		{266AF83D-18CB-4BF0-8BF8-315B2ACEA35D}.Debug|Any CPU.Build.0 = Debug|Any CPU
		{266AF83D-18CB-4BF0-8BF8-315B2ACEA35D}.Release|Any CPU.ActiveCfg = Release|Any CPU
		{266AF83D-18CB-4BF0-8BF8-315B2ACEA35D}.Release|Any CPU.Build.0 = Release|Any CPU
		{FD83DA78-72E2-4249-BB90-962BF691AB3C}.Debug|Any CPU.ActiveCfg = Debug|Any CPU
		{FD83DA78-72E2-4249-BB90-962BF691AB3C}.Debug|Any CPU.Build.0 = Debug|Any CPU
		{FD83DA78-72E2-4249-BB90-962BF691AB3C}.Release|Any CPU.ActiveCfg = Release|Any CPU
		{FD83DA78-72E2-4249-BB90-962BF691AB3C}.Release|Any CPU.Build.0 = Release|Any CPU
		{431DE03F-78E1-44DD-85EF-0202C25D02CE}.Debug|Any CPU.ActiveCfg = Debug|Any CPU
		{431DE03F-78E1-44DD-85EF-0202C25D02CE}.Debug|Any CPU.Build.0 = Debug|Any CPU
		{431DE03F-78E1-44DD-85EF-0202C25D02CE}.Release|Any CPU.ActiveCfg = Release|Any CPU
		{431DE03F-78E1-44DD-85EF-0202C25D02CE}.Release|Any CPU.Build.0 = Release|Any CPU
		{372F395D-C199-418F-9553-07B9CA1F3A30}.Debug|Any CPU.ActiveCfg = Debug|Any CPU
		{372F395D-C199-418F-9553-07B9CA1F3A30}.Debug|Any CPU.Build.0 = Debug|Any CPU
		{372F395D-C199-418F-9553-07B9CA1F3A30}.Release|Any CPU.ActiveCfg = Release|Any CPU
		{372F395D-C199-418F-9553-07B9CA1F3A30}.Release|Any CPU.Build.0 = Release|Any CPU
		{7B64A39B-84F4-4B05-8E99-64AE8EFB2BBC}.Debug|Any CPU.ActiveCfg = Debug|Any CPU
		{7B64A39B-84F4-4B05-8E99-64AE8EFB2BBC}.Debug|Any CPU.Build.0 = Debug|Any CPU
		{7B64A39B-84F4-4B05-8E99-64AE8EFB2BBC}.Release|Any CPU.ActiveCfg = Release|Any CPU
		{7B64A39B-84F4-4B05-8E99-64AE8EFB2BBC}.Release|Any CPU.Build.0 = Release|Any CPU
		{FF59B551-9012-41B8-BCA9-E0D560419165}.Debug|Any CPU.ActiveCfg = Debug|Any CPU
		{FF59B551-9012-41B8-BCA9-E0D560419165}.Debug|Any CPU.Build.0 = Debug|Any CPU
		{FF59B551-9012-41B8-BCA9-E0D560419165}.Release|Any CPU.ActiveCfg = Release|Any CPU
		{FF59B551-9012-41B8-BCA9-E0D560419165}.Release|Any CPU.Build.0 = Release|Any CPU
	EndGlobalSection
	GlobalSection(SolutionProperties) = preSolution
		HideSolutionNode = FALSE
	EndGlobalSection
	GlobalSection(NestedProjects) = preSolution
		{6F411621-A40C-4211-BEBA-3426962F0D7A} = {7C9E4336-F20D-4138-9D53-83FD2322639B}
		{AC56E3B2-848D-4B48-8A0A-653EEA3D833B} = {7C9E4336-F20D-4138-9D53-83FD2322639B}
		{F77DADD8-DDC4-4166-970E-4BE3DCD454A3} = {7C9E4336-F20D-4138-9D53-83FD2322639B}
		{7EFE5BA9-652E-4176-AB7F-00D2AD04F716} = {C3C4F458-4169-4E2E-A516-65FA35A0F3C2}
		{E210B879-758C-44D2-8C08-1A4664CA388F} = {C3C4F458-4169-4E2E-A516-65FA35A0F3C2}
		{60564A7D-1CB1-45E4-9B77-26A69FEF2C89} = {C3C4F458-4169-4E2E-A516-65FA35A0F3C2}
		{F792743D-F22E-4467-8932-35B1D64A7744} = {1499E9FD-96C4-4DBE-BA32-E58D677E2AD1}
		{D7A14241-5FC6-413E-AAE2-B0B2462F1C3F} = {1499E9FD-96C4-4DBE-BA32-E58D677E2AD1}
		{28ACF1CA-1D7E-4240-8149-2FEEB221F0DD} = {1499E9FD-96C4-4DBE-BA32-E58D677E2AD1}
		{CFFE4D95-CEF9-42A6-B1FF-58DB3E25F87F} = {DE348CFA-9F60-4BD5-9692-D2CBC4C8EE05}
		{13D18EAB-849D-4DC8-A33D-9554D01E1460} = {DE348CFA-9F60-4BD5-9692-D2CBC4C8EE05}
		{205A4B3A-DDF6-423E-B60A-0D110DE988EF} = {DE348CFA-9F60-4BD5-9692-D2CBC4C8EE05}
		{834101FB-FE92-4FEF-9486-F5A6A7143649} = {E16A0300-CE1E-4327-8E16-DB0578D3AE20}
		{79274C99-EC15-4906-BE78-E11CC063518A} = {E16A0300-CE1E-4327-8E16-DB0578D3AE20}
		{824870C4-ADC8-4803-A4F1-F5CFBD766358} = {E16A0300-CE1E-4327-8E16-DB0578D3AE20}
		{266AF83D-18CB-4BF0-8BF8-315B2ACEA35D} = {BEB0356B-9A6A-4181-B5AE-B9791AE9BA45}
		{FD83DA78-72E2-4249-BB90-962BF691AB3C} = {BEB0356B-9A6A-4181-B5AE-B9791AE9BA45}
		{431DE03F-78E1-44DD-85EF-0202C25D02CE} = {BEB0356B-9A6A-4181-B5AE-B9791AE9BA45}
		{372F395D-C199-418F-9553-07B9CA1F3A30} = {A3796F87-B943-46B0-A913-81D23DCAE83C}
		{7B64A39B-84F4-4B05-8E99-64AE8EFB2BBC} = {A3796F87-B943-46B0-A913-81D23DCAE83C}
		{FF59B551-9012-41B8-BCA9-E0D560419165} = {A3796F87-B943-46B0-A913-81D23DCAE83C}
	EndGlobalSection
	GlobalSection(ExtensibilityGlobals) = postSolution
		SolutionGuid = {DD4A9517-1DAF-4A0D-A8BD-C6BFE2D3D8A3}
	EndGlobalSection
EndGlobal
